
Microsoft Visual Studio Solution File, Format Version 12.00
# Visual Studio Version 17
VisualStudioVersion = 17.7.34031.279
MinimumVisualStudioVersion = 10.0.40219.1
Project("{FAE04EC0-301F-11D3-BF4B-00C04F79EFBC}") = "AKADEMINE_Arnas_Globys_PI23B", "AKADEMINE_Arnas_Globys_PI23B.csproj", "{EC9948D5-DA76-46C7-A37A-03002B212D1D}"
EndProject
Global
	GlobalSection(SolutionConfigurationPlatforms) = preSolution
		Debug|Any CPU = Debug|Any CPU
		Release|Any CPU = Release|Any CPU
	EndGlobalSection
	GlobalSection(ProjectConfigurationPlatforms) = postSolution
		{EC9948D5-DA76-46C7-A37A-03002B212D1D}.Debug|Any CPU.ActiveCfg = Debug|Any CPU
		{EC9948D5-DA76-46C7-A37A-03002B212D1D}.Debug|Any CPU.Build.0 = Debug|Any CPU
		{EC9948D5-DA76-46C7-A37A-03002B212D1D}.Release|Any CPU.ActiveCfg = Release|Any CPU
		{EC9948D5-DA76-46C7-A37A-03002B212D1D}.Release|Any CPU.Build.0 = Release|Any CPU
	EndGlobalSection
	GlobalSection(SolutionProperties) = preSolution
		HideSolutionNode = FALSE
	EndGlobalSection
	GlobalSection(ExtensibilityGlobals) = postSolution
		SolutionGuid = {8DF6EE98-FA77-4601-AE57-E83DD5B5669C}
	EndGlobalSection
EndGlobal
